
Microsoft Visual Studio Solution File, Format Version 12.00
# Visual Studio Version 16
VisualStudioVersion = 16.6.30114.105
MinimumVisualStudioVersion = 10.0.40219.1
Project("{9A19103F-16F7-4668-BE54-9A1E7A4F7556}") = "R5T.T0021.X0001", "R5T.T0021.X0001\R5T.T0021.X0001.csproj", "{CF1C7B8F-B0CD-43F2-A620-ADDBED48BB45}"
EndProject
Project("{2150E333-8FDC-42A3-9474-1A3956D46DE8}") = "_Dependencies", "_Dependencies", "{CD51E07B-6ED5-4F1B-88C4-4205D240032A}"
EndProject
Project("{9A19103F-16F7-4668-BE54-9A1E7A4F7556}") = "R5T.Magyar", "..\..\R5T.Magyar\source\R5T.Magyar\R5T.Magyar.csproj", "{1005A171-23C0-4B7C-B2DB-80BF24199480}"
EndProject
Project("{9A19103F-16F7-4668-BE54-9A1E7A4F7556}") = "R5T.T0021", "..\..\R5T.T0021\source\R5T.T0021\R5T.T0021.csproj", "{53C70025-6668-45D1-BA96-6E597D3D4689}"
EndProject
Global
	GlobalSection(SolutionConfigurationPlatforms) = preSolution
		Debug|Any CPU = Debug|Any CPU
		Debug|x64 = Debug|x64
		Debug|x86 = Debug|x86
		Release|Any CPU = Release|Any CPU
		Release|x64 = Release|x64
		Release|x86 = Release|x86
	EndGlobalSection
	GlobalSection(ProjectConfigurationPlatforms) = postSolution
		{CF1C7B8F-B0CD-43F2-A620-ADDBED48BB45}.Debug|Any CPU.ActiveCfg = Debug|Any CPU
		{CF1C7B8F-B0CD-43F2-A620-ADDBED48BB45}.Debug|Any CPU.Build.0 = Debug|Any CPU
		{CF1C7B8F-B0CD-43F2-A620-ADDBED48BB45}.Debug|x64.ActiveCfg = Debug|Any CPU
		{CF1C7B8F-B0CD-43F2-A620-ADDBED48BB45}.Debug|x64.Build.0 = Debug|Any CPU
		{CF1C7B8F-B0CD-43F2-A620-ADDBED48BB45}.Debug|x86.ActiveCfg = Debug|Any CPU
		{CF1C7B8F-B0CD-43F2-A620-ADDBED48BB45}.Debug|x86.Build.0 = Debug|Any CPU
		{CF1C7B8F-B0CD-43F2-A620-ADDBED48BB45}.Release|Any CPU.ActiveCfg = Release|Any CPU
		{CF1C7B8F-B0CD-43F2-A620-ADDBED48BB45}.Release|Any CPU.Build.0 = Release|Any CPU
		{CF1C7B8F-B0CD-43F2-A620-ADDBED48BB45}.Release|x64.ActiveCfg = Release|Any CPU
		{CF1C7B8F-B0CD-43F2-A620-ADDBED48BB45}.Release|x64.Build.0 = Release|Any CPU
		{CF1C7B8F-B0CD-43F2-A620-ADDBED48BB45}.Release|x86.ActiveCfg = Release|Any CPU
		{CF1C7B8F-B0CD-43F2-A620-ADDBED48BB45}.Release|x86.Build.0 = Release|Any CPU
		{1005A171-23C0-4B7C-B2DB-80BF24199480}.Debug|Any CPU.ActiveCfg = Debug|Any CPU
		{1005A171-23C0-4B7C-B2DB-80BF24199480}.Debug|Any CPU.Build.0 = Debug|Any CPU
		{1005A171-23C0-4B7C-B2DB-80BF24199480}.Debug|x64.ActiveCfg = Debug|Any CPU
		{1005A171-23C0-4B7C-B2DB-80BF24199480}.Debug|x64.Build.0 = Debug|Any CPU
		{1005A171-23C0-4B7C-B2DB-80BF24199480}.Debug|x86.ActiveCfg = Debug|Any CPU
		{1005A171-23C0-4B7C-B2DB-80BF24199480}.Debug|x86.Build.0 = Debug|Any CPU
		{1005A171-23C0-4B7C-B2DB-80BF24199480}.Release|Any CPU.ActiveCfg = Release|Any CPU
		{1005A171-23C0-4B7C-B2DB-80BF24199480}.Release|Any CPU.Build.0 = Release|Any CPU
		{1005A171-23C0-4B7C-B2DB-80BF24199480}.Release|x64.ActiveCfg = Release|Any CPU
		{1005A171-23C0-4B7C-B2DB-80BF24199480}.Release|x64.Build.0 = Release|Any CPU
		{1005A171-23C0-4B7C-B2DB-80BF24199480}.Release|x86.ActiveCfg = Release|Any CPU
		{1005A171-23C0-4B7C-B2DB-80BF24199480}.Release|x86.Build.0 = Release|Any CPU
		{53C70025-6668-45D1-BA96-6E597D3D4689}.Debug|Any CPU.ActiveCfg = Debug|Any CPU
		{53C70025-6668-45D1-BA96-6E597D3D4689}.Debug|Any CPU.Build.0 = Debug|Any CPU
		{53C70025-6668-45D1-BA96-6E597D3D4689}.Debug|x64.ActiveCfg = Debug|Any CPU
		{53C70025-6668-45D1-BA96-6E597D3D4689}.Debug|x64.Build.0 = Debug|Any CPU
		{53C70025-6668-45D1-BA96-6E597D3D4689}.Debug|x86.ActiveCfg = Debug|Any CPU
		{53C70025-6668-45D1-BA96-6E597D3D4689}.Debug|x86.Build.0 = Debug|Any CPU
		{53C70025-6668-45D1-BA96-6E597D3D4689}.Release|Any CPU.ActiveCfg = Release|Any CPU
		{53C70025-6668-45D1-BA96-6E597D3D4689}.Release|Any CPU.Build.0 = Release|Any CPU
		{53C70025-6668-45D1-BA96-6E597D3D4689}.Release|x64.ActiveCfg = Release|Any CPU
		{53C70025-6668-45D1-BA96-6E597D3D4689}.Release|x64.Build.0 = Release|Any CPU
		{53C70025-6668-45D1-BA96-6E597D3D4689}.Release|x86.ActiveCfg = Release|Any CPU
		{53C70025-6668-45D1-BA96-6E597D3D4689}.Release|x86.Build.0 = Release|Any CPU
	EndGlobalSection
	GlobalSection(SolutionProperties) = preSolution
		HideSolutionNode = FALSE
	EndGlobalSection
	GlobalSection(NestedProjects) = preSolution
		{1005A171-23C0-4B7C-B2DB-80BF24199480} = {CD51E07B-6ED5-4F1B-88C4-4205D240032A}
		{53C70025-6668-45D1-BA96-6E597D3D4689} = {CD51E07B-6ED5-4F1B-88C4-4205D240032A}
	EndGlobalSection
	GlobalSection(ExtensibilityGlobals) = postSolution
		SolutionGuid = {E29357D0-0F83-45F2-8AD6-2ADC5E22F7B9}
	EndGlobalSection
EndGlobal
